{
  "name": "Test",
  "lockfileVersion": 2,
  "requires": true,
  "packages": {
    "": {
      "dependencies": {
        "@abraham/reflection": "^0.12.0",
        "reflect-metadata": "^0.1.13",
        "tslib": "^2.6.2"
      }
    },
    "node_modules/@abraham/reflection": {
      "version": "0.12.0",
      "resolved": "https://registry.npmjs.org/@abraham/reflection/-/reflection-0.12.0.tgz",
      "integrity": "sha512-OoLlgBE5u18mc61pJNamEh2OtFpHjtvDi1pV4ojnnH77juCvQw/Z3YlHF8TJiorU7/V6UuGApFzsi+bieug7fg=="
    },
    "node_modules/reflect-metadata": {
      "version": "0.1.13",
      "resolved": "https://registry.npmjs.org/reflect-metadata/-/reflect-metadata-0.1.13.tgz",
      "integrity": "sha512-Ts1Y/anZELhSsjMcU605fU9RE4Oi3p5ORujwbIKXfWa+0Zxs510Qrmrce5/Jowq3cHSZSJqBjypxmHarc+vEWg=="
    },
    "node_modules/tslib": {
      "version": "2.6.2",
      "resolved": "https://registry.npmjs.org/tslib/-/tslib-2.6.2.tgz",
      "integrity": "sha512-AEYxH93jGFPn/a2iVAwW87VuUIkR1FVUKB77NwMF7nBTDkDrrT/Hpt/IrCJ0QXhW27jTBDcf5ZY7w6RiqTMw2Q=="
    }
  },
  "dependencies": {
    "@abraham/reflection": {
      "version": "0.12.0",
      "resolved": "https://registry.npmjs.org/@abraham/reflection/-/reflection-0.12.0.tgz",
      "integrity": "sha512-OoLlgBE5u18mc61pJNamEh2OtFpHjtvDi1pV4ojnnH77juCvQw/Z3YlHF8TJiorU7/V6UuGApFzsi+bieug7fg=="
    },
    "reflect-metadata": {
      "version": "0.1.13",
      "resolved": "https://registry.npmjs.org/reflect-metadata/-/reflect-metadata-0.1.13.tgz",
      "integrity": "sha512-Ts1Y/anZELhSsjMcU605fU9RE4Oi3p5ORujwbIKXfWa+0Zxs510Qrmrce5/Jowq3cHSZSJqBjypxmHarc+vEWg=="
    },
    "tslib": {
      "version": "2.6.2",
      "resolved": "https://registry.npmjs.org/tslib/-/tslib-2.6.2.tgz",
      "integrity": "sha512-AEYxH93jGFPn/a2iVAwW87VuUIkR1FVUKB77NwMF7nBTDkDrrT/Hpt/IrCJ0QXhW27jTBDcf5ZY7w6RiqTMw2Q=="
    }
  }
}
